
Microsoft Visual Studio Solution File, Format Version 12.00
# Visual Studio Version 17
VisualStudioVersion = 17.9.34622.214
MinimumVisualStudioVersion = 10.0.40219.1
Project("{FAE04EC0-301F-11D3-BF4B-00C04F79EFBC}") = "CapaEntidades", "CapaEntidades\CapaEntidades.csproj", "{211278D9-FF57-48D9-A604-0FA2732E5F38}"
EndProject
Project("{FAE04EC0-301F-11D3-BF4B-00C04F79EFBC}") = "CapaDatos", "CapaDatos\CapaDatos.csproj", "{8FE0C5E6-79C7-4B7D-B26C-C43D74E6BEE3}"
EndProject
Project("{FAE04EC0-301F-11D3-BF4B-00C04F79EFBC}") = "CapaVista", "CapaVista\CapaVista.csproj", "{C9D235F7-4DD1-4738-8D13-C9A4FB2AFB9B}"
EndProject
Global
	GlobalSection(SolutionConfigurationPlatforms) = preSolution
		Debug|Any CPU = Debug|Any CPU
		Release|Any CPU = Release|Any CPU
	EndGlobalSection
	GlobalSection(ProjectConfigurationPlatforms) = postSolution
		{211278D9-FF57-48D9-A604-0FA2732E5F38}.Debug|Any CPU.ActiveCfg = Debug|Any CPU
		{211278D9-FF57-48D9-A604-0FA2732E5F38}.Debug|Any CPU.Build.0 = Debug|Any CPU
		{211278D9-FF57-48D9-A604-0FA2732E5F38}.Release|Any CPU.ActiveCfg = Release|Any CPU
		{211278D9-FF57-48D9-A604-0FA2732E5F38}.Release|Any CPU.Build.0 = Release|Any CPU
		{8FE0C5E6-79C7-4B7D-B26C-C43D74E6BEE3}.Debug|Any CPU.ActiveCfg = Debug|Any CPU
		{8FE0C5E6-79C7-4B7D-B26C-C43D74E6BEE3}.Debug|Any CPU.Build.0 = Debug|Any CPU
		{8FE0C5E6-79C7-4B7D-B26C-C43D74E6BEE3}.Release|Any CPU.ActiveCfg = Release|Any CPU
		{8FE0C5E6-79C7-4B7D-B26C-C43D74E6BEE3}.Release|Any CPU.Build.0 = Release|Any CPU
		{C9D235F7-4DD1-4738-8D13-C9A4FB2AFB9B}.Debug|Any CPU.ActiveCfg = Debug|Any CPU
		{C9D235F7-4DD1-4738-8D13-C9A4FB2AFB9B}.Debug|Any CPU.Build.0 = Debug|Any CPU
		{C9D235F7-4DD1-4738-8D13-C9A4FB2AFB9B}.Release|Any CPU.ActiveCfg = Release|Any CPU
		{C9D235F7-4DD1-4738-8D13-C9A4FB2AFB9B}.Release|Any CPU.Build.0 = Release|Any CPU
	EndGlobalSection
	GlobalSection(SolutionProperties) = preSolution
		HideSolutionNode = FALSE
	EndGlobalSection
	GlobalSection(ExtensibilityGlobals) = postSolution
		SolutionGuid = {262C511F-5577-4322-A148-EA2263FCFAEB}
	EndGlobalSection
EndGlobal
